// !$*UTF8*$!
{
	archiveVersion = 1;
	classes = {
	};
	objectVersion = 55;
	objects = {

/* Begin PBXBuildFile section */
		6018801C2802361D00150E36 /* AppDelegate.swift in Sources */ = {isa = PBXBuildFile; fileRef = 6018801B2802361D00150E36 /* AppDelegate.swift */; };
		6018801E2802361D00150E36 /* SceneDelegate.swift in Sources */ = {isa = PBXBuildFile; fileRef = 6018801D2802361D00150E36 /* SceneDelegate.swift */; };
		601880202802361D00150E36 /* ViewController.swift in Sources */ = {isa = PBXBuildFile; fileRef = 6018801F2802361D00150E36 /* ViewController.swift */; };
		601880232802361D00150E36 /* Main.storyboard in Resources */ = {isa = PBXBuildFile; fileRef = 601880212802361D00150E36 /* Main.storyboard */; };
		601880262802361D00150E36 /* BerkeleyApp.xcdatamodeld in Sources */ = {isa = PBXBuildFile; fileRef = 601880242802361D00150E36 /* BerkeleyApp.xcdatamodeld */; };
		601880282802361F00150E36 /* Assets.xcassets in Resources */ = {isa = PBXBuildFile; fileRef = 601880272802361F00150E36 /* Assets.xcassets */; };
		6018802B2802361F00150E36 /* LaunchScreen.storyboard in Resources */ = {isa = PBXBuildFile; fileRef = 601880292802361F00150E36 /* LaunchScreen.storyboard */; };
		601880362802361F00150E36 /* BerkeleyAppTests.swift in Sources */ = {isa = PBXBuildFile; fileRef = 601880352802361F00150E36 /* BerkeleyAppTests.swift */; };
		601880402802361F00150E36 /* BerkeleyAppUITests.swift in Sources */ = {isa = PBXBuildFile; fileRef = 6018803F2802361F00150E36 /* BerkeleyAppUITests.swift */; };
		601880422802361F00150E36 /* BerkeleyAppUITestsLaunchTests.swift in Sources */ = {isa = PBXBuildFile; fileRef = 601880412802361F00150E36 /* BerkeleyAppUITestsLaunchTests.swift */; };
		607B38632804CD390005CB4B /* RSFData.swift in Sources */ = {isa = PBXBuildFile; fileRef = 607B38622804CD390005CB4B /* RSFData.swift */; };
/* End PBXBuildFile section */

/* Begin PBXContainerItemProxy section */
		601880322802361F00150E36 /* PBXContainerItemProxy */ = {
			isa = PBXContainerItemProxy;
			containerPortal = 601880102802361D00150E36 /* Project object */;
			proxyType = 1;
			remoteGlobalIDString = 601880172802361D00150E36;
			remoteInfo = BerkeleyApp;
		};
		6018803C2802361F00150E36 /* PBXContainerItemProxy */ = {
			isa = PBXContainerItemProxy;
			containerPortal = 601880102802361D00150E36 /* Project object */;
			proxyType = 1;
			remoteGlobalIDString = 601880172802361D00150E36;
			remoteInfo = BerkeleyApp;
		};
/* End PBXContainerItemProxy section */

/* Begin PBXFileReference section */
		601880182802361D00150E36 /* BerkeleyApp.app */ = {isa = PBXFileReference; explicitFileType = wrapper.application; includeInIndex = 0; path = BerkeleyApp.app; sourceTree = BUILT_PRODUCTS_DIR; };
		6018801B2802361D00150E36 /* AppDelegate.swift */ = {isa = PBXFileReference; lastKnownFileType = sourcecode.swift; path = AppDelegate.swift; sourceTree = "<group>"; };
		6018801D2802361D00150E36 /* SceneDelegate.swift */ = {isa = PBXFileReference; lastKnownFileType = sourcecode.swift; path = SceneDelegate.swift; sourceTree = "<group>"; };
		6018801F2802361D00150E36 /* ViewController.swift */ = {isa = PBXFileReference; lastKnownFileType = sourcecode.swift; path = ViewController.swift; sourceTree = "<group>"; };
		601880222802361D00150E36 /* Base */ = {isa = PBXFileReference; lastKnownFileType = file.storyboard; name = Base; path = Base.lproj/Main.storyboard; sourceTree = "<group>"; };
		601880252802361D00150E36 /* BerkeleyApp.xcdatamodel */ = {isa = PBXFileReference; lastKnownFileType = wrapper.xcdatamodel; path = BerkeleyApp.xcdatamodel; sourceTree = "<group>"; };
		601880272802361F00150E36 /* Assets.xcassets */ = {isa = PBXFileReference; lastKnownFileType = folder.assetcatalog; path = Assets.xcassets; sourceTree = "<group>"; };
		6018802A2802361F00150E36 /* Base */ = {isa = PBXFileReference; lastKnownFileType = file.storyboard; name = Base; path = Base.lproj/LaunchScreen.storyboard; sourceTree = "<group>"; };
		6018802C2802361F00150E36 /* Info.plist */ = {isa = PBXFileReference; lastKnownFileType = text.plist.xml; path = Info.plist; sourceTree = "<group>"; };
		601880312802361F00150E36 /* BerkeleyAppTests.xctest */ = {isa = PBXFileReference; explicitFileType = wrapper.cfbundle; includeInIndex = 0; path = BerkeleyAppTests.xctest; sourceTree = BUILT_PRODUCTS_DIR; };
		601880352802361F00150E36 /* BerkeleyAppTests.swift */ = {isa = PBXFileReference; lastKnownFileType = sourcecode.swift; path = BerkeleyAppTests.swift; sourceTree = "<group>"; };
		6018803B2802361F00150E36 /* BerkeleyAppUITests.xctest */ = {isa = PBXFileReference; explicitFileType = wrapper.cfbundle; includeInIndex = 0; path = BerkeleyAppUITests.xctest; sourceTree = BUILT_PRODUCTS_DIR; };
		6018803F2802361F00150E36 /* BerkeleyAppUITests.swift */ = {isa = PBXFileReference; lastKnownFileType = sourcecode.swift; path = BerkeleyAppUITests.swift; sourceTree = "<group>"; };
		601880412802361F00150E36 /* BerkeleyAppUITestsLaunchTests.swift */ = {isa = PBXFileReference; lastKnownFileType = sourcecode.swift; path = BerkeleyAppUITestsLaunchTests.swift; sourceTree = "<group>"; };
		607B38622804CD390005CB4B /* RSFData.swift */ = {isa = PBXFileReference; lastKnownFileType = sourcecode.swift; path = RSFData.swift; sourceTree = "<group>"; };
/* End PBXFileReference section */

/* Begin PBXFrameworksBuildPhase section */
		601880152802361D00150E36 /* Frameworks */ = {
			isa = PBXFrameworksBuildPhase;
			buildActionMask = 2147483647;
			files = (
			);
			runOnlyForDeploymentPostprocessing = 0;
		};
		6018802E2802361F00150E36 /* Frameworks */ = {
			isa = PBXFrameworksBuildPhase;
			buildActionMask = 2147483647;
			files = (
			);
			runOnlyForDeploymentPostprocessing = 0;
		};
		601880382802361F00150E36 /* Frameworks */ = {
			isa = PBXFrameworksBuildPhase;
			buildActionMask = 2147483647;
			files = (
			);
			runOnlyForDeploymentPostprocessing = 0;
		};
/* End PBXFrameworksBuildPhase section */

/* Begin PBXGroup section */
		6018800F2802361D00150E36 = {
			isa = PBXGroup;
			children = (
				6018801A2802361D00150E36 /* BerkeleyApp */,
				601880342802361F00150E36 /* BerkeleyAppTests */,
				6018803E2802361F00150E36 /* BerkeleyAppUITests */,
				601880192802361D00150E36 /* Products */,
			);
			sourceTree = "<group>";
		};
		601880192802361D00150E36 /* Products */ = {
			isa = PBXGroup;
			children = (
				601880182802361D00150E36 /* BerkeleyApp.app */,
				601880312802361F00150E36 /* BerkeleyAppTests.xctest */,
				6018803B2802361F00150E36 /* BerkeleyAppUITests.xctest */,
			);
			name = Products;
			sourceTree = "<group>";
		};
		6018801A2802361D00150E36 /* BerkeleyApp */ = {
			isa = PBXGroup;
			children = (
				6018801B2802361D00150E36 /* AppDelegate.swift */,
				6018801D2802361D00150E36 /* SceneDelegate.swift */,
				607B38622804CD390005CB4B /* RSFData.swift */,
				6018801F2802361D00150E36 /* ViewController.swift */,
				601880212802361D00150E36 /* Main.storyboard */,
				601880272802361F00150E36 /* Assets.xcassets */,
				601880292802361F00150E36 /* LaunchScreen.storyboard */,
				6018802C2802361F00150E36 /* Info.plist */,
				601880242802361D00150E36 /* BerkeleyApp.xcdatamodeld */,
			);
			path = BerkeleyApp;
			sourceTree = "<group>";
		};
		601880342802361F00150E36 /* BerkeleyAppTests */ = {
			isa = PBXGroup;
			children = (
				601880352802361F00150E36 /* BerkeleyAppTests.swift */,
			);
			path = BerkeleyAppTests;
			sourceTree = "<group>";
		};
		6018803E2802361F00150E36 /* BerkeleyAppUITests */ = {
			isa = PBXGroup;
			children = (
				6018803F2802361F00150E36 /* BerkeleyAppUITests.swift */,
				601880412802361F00150E36 /* BerkeleyAppUITestsLaunchTests.swift */,
			);
			path = BerkeleyAppUITests;
			sourceTree = "<group>";
		};
/* End PBXGroup section */

/* Begin PBXNativeTarget section */
		601880172802361D00150E36 /* BerkeleyApp */ = {
			isa = PBXNativeTarget;
			buildConfigurationList = 601880452802361F00150E36 /* Build configuration list for PBXNativeTarget "BerkeleyApp" */;
			buildPhases = (
				601880142802361D00150E36 /* Sources */,
				601880152802361D00150E36 /* Frameworks */,
				601880162802361D00150E36 /* Resources */,
			);
			buildRules = (
			);
			dependencies = (
			);
			name = BerkeleyApp;
			productName = BerkeleyApp;
			productReference = 601880182802361D00150E36 /* BerkeleyApp.app */;
			productType = "com.apple.product-type.application";
		};
		601880302802361F00150E36 /* BerkeleyAppTests */ = {
			isa = PBXNativeTarget;
			buildConfigurationList = 601880482802361F00150E36 /* Build configuration list for PBXNativeTarget "BerkeleyAppTests" */;
			buildPhases = (
				6018802D2802361F00150E36 /* Sources */,
				6018802E2802361F00150E36 /* Frameworks */,
				6018802F2802361F00150E36 /* Resources */,
			);
			buildRules = (
			);
			dependencies = (
				601880332802361F00150E36 /* PBXTargetDependency */,
			);
			name = BerkeleyAppTests;
			productName = BerkeleyAppTests;
			productReference = 601880312802361F00150E36 /* BerkeleyAppTests.xctest */;
			productType = "com.apple.product-type.bundle.unit-test";
		};
		6018803A2802361F00150E36 /* BerkeleyAppUITests */ = {
			isa = PBXNativeTarget;
			buildConfigurationList = 6018804B2802361F00150E36 /* Build configuration list for PBXNativeTarget "BerkeleyAppUITests" */;
			buildPhases = (
				601880372802361F00150E36 /* Sources */,
				601880382802361F00150E36 /* Frameworks */,
				601880392802361F00150E36 /* Resources */,
			);
			buildRules = (
			);
			dependencies = (
				6018803D2802361F00150E36 /* PBXTargetDependency */,
			);
			name = BerkeleyAppUITests;
			productName = BerkeleyAppUITests;
			productReference = 6018803B2802361F00150E36 /* BerkeleyAppUITests.xctest */;
			productType = "com.apple.product-type.bundle.ui-testing";
		};
/* End PBXNativeTarget section */

/* Begin PBXProject section */
		601880102802361D00150E36 /* Project object */ = {
			isa = PBXProject;
			attributes = {
				BuildIndependentTargetsInParallel = 1;
				LastSwiftUpdateCheck = 1330;
				LastUpgradeCheck = 1330;
				TargetAttributes = {
					601880172802361D00150E36 = {
						CreatedOnToolsVersion = 13.3;
					};
					601880302802361F00150E36 = {
						CreatedOnToolsVersion = 13.3;
						TestTargetID = 601880172802361D00150E36;
					};
					6018803A2802361F00150E36 = {
						CreatedOnToolsVersion = 13.3;
						TestTargetID = 601880172802361D00150E36;
					};
				};
			};
			buildConfigurationList = 601880132802361D00150E36 /* Build configuration list for PBXProject "BerkeleyApp" */;
			compatibilityVersion = "Xcode 13.0";
			developmentRegion = en;
			hasScannedForEncodings = 0;
			knownRegions = (
				en,
				Base,
			);
			mainGroup = 6018800F2802361D00150E36;
			productRefGroup = 601880192802361D00150E36 /* Products */;
			projectDirPath = "";
			projectRoot = "";
			targets = (
				601880172802361D00150E36 /* BerkeleyApp */,
				601880302802361F00150E36 /* BerkeleyAppTests */,
				6018803A2802361F00150E36 /* BerkeleyAppUITests */,
			);
		};
/* End PBXProject section */

/* Begin PBXResourcesBuildPhase section */
		601880162802361D00150E36 /* Resources */ = {
			isa = PBXResourcesBuildPhase;
			buildActionMask = 2147483647;
			files = (
				6018802B2802361F00150E36 /* LaunchScreen.storyboard in Resources */,
				601880282802361F00150E36 /* Assets.xcassets in Resources */,
				601880232802361D00150E36 /* Main.storyboard in Resources */,
			);
			runOnlyForDeploymentPostprocessing = 0;
		};
		6018802F2802361F00150E36 /* Resources */ = {
			isa = PBXResourcesBuildPhase;
			buildActionMask = 2147483647;
			files = (
			);
			runOnlyForDeploymentPostprocessing = 0;
		};
		601880392802361F00150E36 /* Resources */ = {
			isa = PBXResourcesBuildPhase;
			buildActionMask = 2147483647;
			files = (
			);
			runOnlyForDeploymentPostprocessing = 0;
		};
/* End PBXResourcesBuildPhase section */

/* Begin PBXSourcesBuildPhase section */
		601880142802361D00150E36 /* Sources */ = {
			isa = PBXSourcesBuildPhase;
			buildActionMask = 2147483647;
			files = (
				601880262802361D00150E36 /* BerkeleyApp.xcdatamodeld in Sources */,
				607B38632804CD390005CB4B /* RSFData.swift in Sources */,
				601880202802361D00150E36 /* ViewController.swift in Sources */,
				6018801C2802361D00150E36 /* AppDelegate.swift in Sources */,
				6018801E2802361D00150E36 /* SceneDelegate.swift in Sources */,
			);
			runOnlyForDeploymentPostprocessing = 0;
		};
		6018802D2802361F00150E36 /* Sources */ = {
			isa = PBXSourcesBuildPhase;
			buildActionMask = 2147483647;
			files = (
				601880362802361F00150E36 /* BerkeleyAppTests.swift in Sources */,
			);
			runOnlyForDeploymentPostprocessing = 0;
		};
		601880372802361F00150E36 /* Sources */ = {
			isa = PBXSourcesBuildPhase;
			buildActionMask = 2147483647;
			files = (
				601880402802361F00150E36 /* BerkeleyAppUITests.swift in Sources */,
				601880422802361F00150E36 /* BerkeleyAppUITestsLaunchTests.swift in Sources */,
			);
			runOnlyForDeploymentPostprocessing = 0;
		};
/* End PBXSourcesBuildPhase section */

/* Begin PBXTargetDependency section */
		601880332802361F00150E36 /* PBXTargetDependency */ = {
			isa = PBXTargetDependency;
			target = 601880172802361D00150E36 /* BerkeleyApp */;
			targetProxy = 601880322802361F00150E36 /* PBXContainerItemProxy */;
		};
		6018803D2802361F00150E36 /* PBXTargetDependency */ = {
			isa = PBXTargetDependency;
			target = 601880172802361D00150E36 /* BerkeleyApp */;
			targetProxy = 6018803C2802361F00150E36 /* PBXContainerItemProxy */;
		};
/* End PBXTargetDependency section */

/* Begin PBXVariantGroup section */
		601880212802361D00150E36 /* Main.storyboard */ = {
			isa = PBXVariantGroup;
			children = (
				601880222802361D00150E36 /* Base */,
			);
			name = Main.storyboard;
			sourceTree = "<group>";
		};
		601880292802361F00150E36 /* LaunchScreen.storyboard */ = {
			isa = PBXVariantGroup;
			children = (
				6018802A2802361F00150E36 /* Base */,
			);
			name = LaunchScreen.storyboard;
			sourceTree = "<group>";
		};
/* End PBXVariantGroup section */

/* Begin XCBuildConfiguration section */
		601880432802361F00150E36 /* Debug */ = {
			isa = XCBuildConfiguration;
			buildSettings = {
				ALWAYS_SEARCH_USER_PATHS = NO;
				CLANG_ANALYZER_NONNULL = YES;
				CLANG_ANALYZER_NUMBER_OBJECT_CONVERSION = YES_AGGRESSIVE;
				CLANG_CXX_LANGUAGE_STANDARD = "gnu++17";
				CLANG_ENABLE_MODULES = YES;
				CLANG_ENABLE_OBJC_ARC = YES;
				CLANG_ENABLE_OBJC_WEAK = YES;
				CLANG_WARN_BLOCK_CAPTURE_AUTORELEASING = YES;
				CLANG_WARN_BOOL_CONVERSION = YES;
				CLANG_WARN_COMMA = YES;
				CLANG_WARN_CONSTANT_CONVERSION = YES;
				CLANG_WARN_DEPRECATED_OBJC_IMPLEMENTATIONS = YES;
				CLANG_WARN_DIRECT_OBJC_ISA_USAGE = YES_ERROR;
				CLANG_WARN_DOCUMENTATION_COMMENTS = YES;
				CLANG_WARN_EMPTY_BODY = YES;
				CLANG_WARN_ENUM_CONVERSION = YES;
				CLANG_WARN_INFINITE_RECURSION = YES;
				CLANG_WARN_INT_CONVERSION = YES;
				CLANG_WARN_NON_LITERAL_NULL_CONVERSION = YES;
				CLANG_WARN_OBJC_IMPLICIT_RETAIN_SELF = YES;
				CLANG_WARN_OBJC_LITERAL_CONVERSION = YES;
				CLANG_WARN_OBJC_ROOT_CLASS = YES_ERROR;
				CLANG_WARN_QUOTED_INCLUDE_IN_FRAMEWORK_HEADER = YES;
				CLANG_WARN_RANGE_LOOP_ANALYSIS = YES;
				CLANG_WARN_STRICT_PROTOTYPES = YES;
				CLANG_WARN_SUSPICIOUS_MOVE = YES;
				CLANG_WARN_UNGUARDED_AVAILABILITY = YES_AGGRESSIVE;
				CLANG_WARN_UNREACHABLE_CODE = YES;
				CLANG_WARN__DUPLICATE_METHOD_MATCH = YES;
				COPY_PHASE_STRIP = NO;
				DEBUG_INFORMATION_FORMAT = dwarf;
				ENABLE_STRICT_OBJC_MSGSEND = YES;
				ENABLE_TESTABILITY = YES;
				GCC_C_LANGUAGE_STANDARD = gnu11;
				GCC_DYNAMIC_NO_PIC = NO;
				GCC_NO_COMMON_BLOCKS = YES;
				GCC_OPTIMIZATION_LEVEL = 0;
				GCC_PREPROCESSOR_DEFINITIONS = (
					"DEBUG=1",
					"$(inherited)",
				);
				GCC_WARN_64_TO_32_BIT_CONVERSION = YES;
				GCC_WARN_ABOUT_RETURN_TYPE = YES_ERROR;
				GCC_WARN_UNDECLARED_SELECTOR = YES;
				GCC_WARN_UNINITIALIZED_AUTOS = YES_AGGRESSIVE;
				GCC_WARN_UNUSED_FUNCTION = YES;
				GCC_WARN_UNUSED_VARIABLE = YES;
				IPHONEOS_DEPLOYMENT_TARGET = 15.4;
				MTL_ENABLE_DEBUG_INFO = INCLUDE_SOURCE;
				MTL_FAST_MATH = YES;
				ONLY_ACTIVE_ARCH = YES;
				SDKROOT = iphoneos;
				SWIFT_ACTIVE_COMPILATION_CONDITIONS = DEBUG;
				SWIFT_OPTIMIZATION_LEVEL = "-Onone";
			};
			name = Debug;
		};
		601880442802361F00150E36 /* Release */ = {
			isa = XCBuildConfiguration;
			buildSettings = {
				ALWAYS_SEARCH_USER_PATHS = NO;
				CLANG_ANALYZER_NONNULL = YES;
				CLANG_ANALYZER_NUMBER_OBJECT_CONVERSION = YES_AGGRESSIVE;
				CLANG_CXX_LANGUAGE_STANDARD = "gnu++17";
				CLANG_ENABLE_MODULES = YES;
				CLANG_ENABLE_OBJC_ARC = YES;
				CLANG_ENABLE_OBJC_WEAK = YES;
				CLANG_WARN_BLOCK_CAPTURE_AUTORELEASING = YES;
				CLANG_WARN_BOOL_CONVERSION = YES;
				CLANG_WARN_COMMA = YES;
				CLANG_WARN_CONSTANT_CONVERSION = YES;
				CLANG_WARN_DEPRECATED_OBJC_IMPLEMENTATIONS = YES;
				CLANG_WARN_DIRECT_OBJC_ISA_USAGE = YES_ERROR;
				CLANG_WARN_DOCUMENTATION_COMMENTS = YES;
				CLANG_WARN_EMPTY_BODY = YES;
				CLANG_WARN_ENUM_CONVERSION = YES;
				CLANG_WARN_INFINITE_RECURSION = YES;
				CLANG_WARN_INT_CONVERSION = YES;
				CLANG_WARN_NON_LITERAL_NULL_CONVERSION = YES;
				CLANG_WARN_OBJC_IMPLICIT_RETAIN_SELF = YES;
				CLANG_WARN_OBJC_LITERAL_CONVERSION = YES;
				CLANG_WARN_OBJC_ROOT_CLASS = YES_ERROR;
				CLANG_WARN_QUOTED_INCLUDE_IN_FRAMEWORK_HEADER = YES;
				CLANG_WARN_RANGE_LOOP_ANALYSIS = YES;
				CLANG_WARN_STRICT_PROTOTYPES = YES;
				CLANG_WARN_SUSPICIOUS_MOVE = YES;
				CLANG_WARN_UNGUARDED_AVAILABILITY = YES_AGGRESSIVE;
				CLANG_WARN_UNREACHABLE_CODE = YES;
				CLANG_WARN__DUPLICATE_METHOD_MATCH = YES;
				COPY_PHASE_STRIP = NO;
				DEBUG_INFORMATION_FORMAT = "dwarf-with-dsym";
				ENABLE_NS_ASSERTIONS = NO;
				ENABLE_STRICT_OBJC_MSGSEND = YES;
				GCC_C_LANGUAGE_STANDARD = gnu11;
				GCC_NO_COMMON_BLOCKS = YES;
				GCC_WARN_64_TO_32_BIT_CONVERSION = YES;
				GCC_WARN_ABOUT_RETURN_TYPE = YES_ERROR;
				GCC_WARN_UNDECLARED_SELECTOR = YES;
				GCC_WARN_UNINITIALIZED_AUTOS = YES_AGGRESSIVE;
				GCC_WARN_UNUSED_FUNCTION = YES;
				GCC_WARN_UNUSED_VARIABLE = YES;
				IPHONEOS_DEPLOYMENT_TARGET = 15.4;
				MTL_ENABLE_DEBUG_INFO = NO;
				MTL_FAST_MATH = YES;
				SDKROOT = iphoneos;
				SWIFT_COMPILATION_MODE = wholemodule;
				SWIFT_OPTIMIZATION_LEVEL = "-O";
				VALIDATE_PRODUCT = YES;
			};
			name = Release;
		};
		601880462802361F00150E36 /* Debug */ = {
			isa = XCBuildConfiguration;
			buildSettings = {
				ASSETCATALOG_COMPILER_APPICON_NAME = AppIcon;
				ASSETCATALOG_COMPILER_GLOBAL_ACCENT_COLOR_NAME = AccentColor;
				CODE_SIGN_STYLE = Automatic;
				CURRENT_PROJECT_VERSION = 1;
				DEVELOPMENT_TEAM = TEH366VWV7;
				GENERATE_INFOPLIST_FILE = YES;
				INFOPLIST_FILE = BerkeleyApp/Info.plist;
				INFOPLIST_KEY_UIApplicationSupportsIndirectInputEvents = YES;
				INFOPLIST_KEY_UILaunchStoryboardName = LaunchScreen;
				INFOPLIST_KEY_UIMainStoryboardFile = Main;
				INFOPLIST_KEY_UISupportedInterfaceOrientations_iPad = "UIInterfaceOrientationPortrait UIInterfaceOrientationPortraitUpsideDown UIInterfaceOrientationLandscapeLeft UIInterfaceOrientationLandscapeRight";
				INFOPLIST_KEY_UISupportedInterfaceOrientations_iPhone = "UIInterfaceOrientationPortrait UIInterfaceOrientationLandscapeLeft UIInterfaceOrientationLandscapeRight";
				LD_RUNPATH_SEARCH_PATHS = (
					"$(inherited)",
					"@executable_path/Frameworks",
				);
				MARKETING_VERSION = 1.0;
				PRODUCT_BUNDLE_IDENTIFIER = com.RayWan.BerkeleyApp;
				PRODUCT_NAME = "$(TARGET_NAME)";
				SWIFT_EMIT_LOC_STRINGS = YES;
				SWIFT_VERSION = 5.0;
				TARGETED_DEVICE_FAMILY = "1,2";
			};
			name = Debug;
		};
		601880472802361F00150E36 /* Release */ = {
			isa = XCBuildConfiguration;
			buildSettings = {
				ASSETCATALOG_COMPILER_APPICON_NAME = AppIcon;
				ASSETCATALOG_COMPILER_GLOBAL_ACCENT_COLOR_NAME = AccentColor;
				CODE_SIGN_STYLE = Automatic;
				CURRENT_PROJECT_VERSION = 1;
				DEVELOPMENT_TEAM = TEH366VWV7;
				GENERATE_INFOPLIST_FILE = YES;
				INFOPLIST_FILE = BerkeleyApp/Info.plist;
				INFOPLIST_KEY_UIApplicationSupportsIndirectInputEvents = YES;
				INFOPLIST_KEY_UILaunchStoryboardName = LaunchScreen;
				INFOPLIST_KEY_UIMainStoryboardFile = Main;
				INFOPLIST_KEY_UISupportedInterfaceOrientations_iPad = "UIInterfaceOrientationPortrait UIInterfaceOrientationPortraitUpsideDown UIInterfaceOrientationLandscapeLeft UIInterfaceOrientationLandscapeRight";
				INFOPLIST_KEY_UISupportedInterfaceOrientations_iPhone = "UIInterfaceOrientationPortrait UIInterfaceOrientationLandscapeLeft UIInterfaceOrientationLandscapeRight";
				LD_RUNPATH_SEARCH_PATHS = (
					"$(inherited)",
					"@executable_path/Frameworks",
				);
				MARKETING_VERSION = 1.0;
				PRODUCT_BUNDLE_IDENTIFIER = com.RayWan.BerkeleyApp;
				PRODUCT_NAME = "$(TARGET_NAME)";
				SWIFT_EMIT_LOC_STRINGS = YES;
				SWIFT_VERSION = 5.0;
				TARGETED_DEVICE_FAMILY = "1,2";
			};
			name = Release;
		};
		601880492802361F00150E36 /* Debug */ = {
			isa = XCBuildConfiguration;
			buildSettings = {
				ALWAYS_EMBED_SWIFT_STANDARD_LIBRARIES = YES;
				BUNDLE_LOADER = "$(TEST_HOST)";
				CODE_SIGN_STYLE = Automatic;
				CURRENT_PROJECT_VERSION = 1;
				DEVELOPMENT_TEAM = TEH366VWV7;
				GENERATE_INFOPLIST_FILE = YES;
				IPHONEOS_DEPLOYMENT_TARGET = 15.4;
				MARKETING_VERSION = 1.0;
				PRODUCT_BUNDLE_IDENTIFIER = com.RayWan.BerkeleyAppTests;
				PRODUCT_NAME = "$(TARGET_NAME)";
				SWIFT_EMIT_LOC_STRINGS = NO;
				SWIFT_VERSION = 5.0;
				TARGETED_DEVICE_FAMILY = "1,2";
				TEST_HOST = "$(BUILT_PRODUCTS_DIR)/BerkeleyApp.app/BerkeleyApp";
			};
			name = Debug;
		};
		6018804A2802361F00150E36 /* Release */ = {
			isa = XCBuildConfiguration;
			buildSettings = {
				ALWAYS_EMBED_SWIFT_STANDARD_LIBRARIES = YES;
				BUNDLE_LOADER = "$(TEST_HOST)";
				CODE_SIGN_STYLE = Automatic;
				CURRENT_PROJECT_VERSION = 1;
				DEVELOPMENT_TEAM = TEH366VWV7;
				GENERATE_INFOPLIST_FILE = YES;
				IPHONEOS_DEPLOYMENT_TARGET = 15.4;
				MARKETING_VERSION = 1.0;
				PRODUCT_BUNDLE_IDENTIFIER = com.RayWan.BerkeleyAppTests;
				PRODUCT_NAME = "$(TARGET_NAME)";
				SWIFT_EMIT_LOC_STRINGS = NO;
				SWIFT_VERSION = 5.0;
				TARGETED_DEVICE_FAMILY = "1,2";
				TEST_HOST = "$(BUILT_PRODUCTS_DIR)/BerkeleyApp.app/BerkeleyApp";
			};
			name = Release;
		};
		6018804C2802361F00150E36 /* Debug */ = {
			isa = XCBuildConfiguration;
			buildSettings = {
				ALWAYS_EMBED_SWIFT_STANDARD_LIBRARIES = YES;
				CODE_SIGN_STYLE = Automatic;
				CURRENT_PROJECT_VERSION = 1;
				DEVELOPMENT_TEAM = TEH366VWV7;
				GENERATE_INFOPLIST_FILE = YES;
				MARKETING_VERSION = 1.0;
				PRODUCT_BUNDLE_IDENTIFIER = com.RayWan.BerkeleyAppUITests;
				PRODUCT_NAME = "$(TARGET_NAME)";
				SWIFT_EMIT_LOC_STRINGS = NO;
				SWIFT_VERSION = 5.0;
				TARGETED_DEVICE_FAMILY = "1,2";
				TEST_TARGET_NAME = BerkeleyApp;
			};
			name = Debug;
		};
		6018804D2802361F00150E36 /* Release */ = {
			isa = XCBuildConfiguration;
			buildSettings = {
				ALWAYS_EMBED_SWIFT_STANDARD_LIBRARIES = YES;
				CODE_SIGN_STYLE = Automatic;
				CURRENT_PROJECT_VERSION = 1;
				DEVELOPMENT_TEAM = TEH366VWV7;
				GENERATE_INFOPLIST_FILE = YES;
				MARKETING_VERSION = 1.0;
				PRODUCT_BUNDLE_IDENTIFIER = com.RayWan.BerkeleyAppUITests;
				PRODUCT_NAME = "$(TARGET_NAME)";
				SWIFT_EMIT_LOC_STRINGS = NO;
				SWIFT_VERSION = 5.0;
				TARGETED_DEVICE_FAMILY = "1,2";
				TEST_TARGET_NAME = BerkeleyApp;
			};
			name = Release;
		};
/* End XCBuildConfiguration section */

/* Begin XCConfigurationList section */
		601880132802361D00150E36 /* Build configuration list for PBXProject "BerkeleyApp" */ = {
			isa = XCConfigurationList;
			buildConfigurations = (
				601880432802361F00150E36 /* Debug */,
				601880442802361F00150E36 /* Release */,
			);
			defaultConfigurationIsVisible = 0;
			defaultConfigurationName = Release;
		};
		601880452802361F00150E36 /* Build configuration list for PBXNativeTarget "BerkeleyApp" */ = {
			isa = XCConfigurationList;
			buildConfigurations = (
				601880462802361F00150E36 /* Debug */,
				601880472802361F00150E36 /* Release */,
			);
			defaultConfigurationIsVisible = 0;
			defaultConfigurationName = Release;
		};
		601880482802361F00150E36 /* Build configuration list for PBXNativeTarget "BerkeleyAppTests" */ = {
			isa = XCConfigurationList;
			buildConfigurations = (
				601880492802361F00150E36 /* Debug */,
				6018804A2802361F00150E36 /* Release */,
			);
			defaultConfigurationIsVisible = 0;
			defaultConfigurationName = Release;
		};
		6018804B2802361F00150E36 /* Build configuration list for PBXNativeTarget "BerkeleyAppUITests" */ = {
			isa = XCConfigurationList;
			buildConfigurations = (
				6018804C2802361F00150E36 /* Debug */,
				6018804D2802361F00150E36 /* Release */,
			);
			defaultConfigurationIsVisible = 0;
			defaultConfigurationName = Release;
		};
/* End XCConfigurationList section */

/* Begin XCVersionGroup section */
		601880242802361D00150E36 /* BerkeleyApp.xcdatamodeld */ = {
			isa = XCVersionGroup;
			children = (
				601880252802361D00150E36 /* BerkeleyApp.xcdatamodel */,
			);
			currentVersion = 601880252802361D00150E36 /* BerkeleyApp.xcdatamodel */;
			path = BerkeleyApp.xcdatamodeld;
			sourceTree = "<group>";
			versionGroupType = wrapper.xcdatamodel;
		};
/* End XCVersionGroup section */
	};
	rootObject = 601880102802361D00150E36 /* Project object */;
}
